
Microsoft Visual Studio Solution File, Format Version 12.00
# Visual Studio Version 17
VisualStudioVersion = 17.7.34009.444
MinimumVisualStudioVersion = 10.0.40219.1
Project("{FAE04EC0-301F-11D3-BF4B-00C04F79EFBC}") = "EvenOrOdd", "EvenOrOdd\EvenOrOdd.csproj", "{BB180795-3A82-4F62-B791-ED10FCDF1970}"
EndProject
Global
	GlobalSection(SolutionConfigurationPlatforms) = preSolution
		Debug|Any CPU = Debug|Any CPU
		Release|Any CPU = Release|Any CPU
	EndGlobalSection
	GlobalSection(ProjectConfigurationPlatforms) = postSolution
		{BB180795-3A82-4F62-B791-ED10FCDF1970}.Debug|Any CPU.ActiveCfg = Debug|Any CPU
		{BB180795-3A82-4F62-B791-ED10FCDF1970}.Debug|Any CPU.Build.0 = Debug|Any CPU
		{BB180795-3A82-4F62-B791-ED10FCDF1970}.Release|Any CPU.ActiveCfg = Release|Any CPU
		{BB180795-3A82-4F62-B791-ED10FCDF1970}.Release|Any CPU.Build.0 = Release|Any CPU
	EndGlobalSection
	GlobalSection(SolutionProperties) = preSolution
		HideSolutionNode = FALSE
	EndGlobalSection
	GlobalSection(ExtensibilityGlobals) = postSolution
		SolutionGuid = {BE3386B8-1F9C-4AB4-A2EA-48CBB8A8267C}
	EndGlobalSection
EndGlobal
