
Microsoft Visual Studio Solution File, Format Version 12.00
# Visual Studio Version 17
VisualStudioVersion = 17.7.34009.444
MinimumVisualStudioVersion = 10.0.40219.1
Project("{FAE04EC0-301F-11D3-BF4B-00C04F79EFBC}") = "Bank-v1", "BankConsoleApp\Bank-v1.csproj", "{B5F4BF9A-C414-4248-BBEE-73E59A07AEC2}"
EndProject
Global
	GlobalSection(SolutionConfigurationPlatforms) = preSolution
		Debug|Any CPU = Debug|Any CPU
		Release|Any CPU = Release|Any CPU
	EndGlobalSection
	GlobalSection(ProjectConfigurationPlatforms) = postSolution
		{B5F4BF9A-C414-4248-BBEE-73E59A07AEC2}.Debug|Any CPU.ActiveCfg = Debug|Any CPU
		{B5F4BF9A-C414-4248-BBEE-73E59A07AEC2}.Debug|Any CPU.Build.0 = Debug|Any CPU
		{B5F4BF9A-C414-4248-BBEE-73E59A07AEC2}.Release|Any CPU.ActiveCfg = Release|Any CPU
		{B5F4BF9A-C414-4248-BBEE-73E59A07AEC2}.Release|Any CPU.Build.0 = Release|Any CPU
	EndGlobalSection
	GlobalSection(SolutionProperties) = preSolution
		HideSolutionNode = FALSE
	EndGlobalSection
	GlobalSection(ExtensibilityGlobals) = postSolution
		SolutionGuid = {AF8BD8B1-5A5D-4A8C-8671-A34DB7704563}
	EndGlobalSection
EndGlobal
