
Microsoft Visual Studio Solution File, Format Version 12.00
# Visual Studio Version 17
VisualStudioVersion = 17.7.34009.444
MinimumVisualStudioVersion = 10.0.40219.1
Project("{FAE04EC0-301F-11D3-BF4B-00C04F79EFBC}") = "OOGeometricShapes", "OOGeometricShapes\OOGeometricShapes.csproj", "{1F45D6F3-8865-4952-937F-3499D6386D99}"
EndProject
Global
	GlobalSection(SolutionConfigurationPlatforms) = preSolution
		Debug|Any CPU = Debug|Any CPU
		Release|Any CPU = Release|Any CPU
	EndGlobalSection
	GlobalSection(ProjectConfigurationPlatforms) = postSolution
		{1F45D6F3-8865-4952-937F-3499D6386D99}.Debug|Any CPU.ActiveCfg = Debug|Any CPU
		{1F45D6F3-8865-4952-937F-3499D6386D99}.Debug|Any CPU.Build.0 = Debug|Any CPU
		{1F45D6F3-8865-4952-937F-3499D6386D99}.Release|Any CPU.ActiveCfg = Release|Any CPU
		{1F45D6F3-8865-4952-937F-3499D6386D99}.Release|Any CPU.Build.0 = Release|Any CPU
	EndGlobalSection
	GlobalSection(SolutionProperties) = preSolution
		HideSolutionNode = FALSE
	EndGlobalSection
	GlobalSection(ExtensibilityGlobals) = postSolution
		SolutionGuid = {D8DDB8F2-50A0-4A60-AC06-4803CD3D5EA8}
	EndGlobalSection
EndGlobal
